
Microsoft Visual Studio Solution File, Format Version 12.00
# Visual Studio Version 16
VisualStudioVersion = 16.0.30114.105
MinimumVisualStudioVersion = 10.0.40219.1
Project("{FAE04EC0-301F-11D3-BF4B-00C04F79EFBC}") = "ApiUtpmedic", "ApiUtpmedic\ApiUtpmedic.csproj", "{55508AA7-B40A-4FCC-BE8D-DEE0F45C5FCD}"
EndProject
Global
	GlobalSection(SolutionConfigurationPlatforms) = preSolution
		Debug|Any CPU = Debug|Any CPU
		Release|Any CPU = Release|Any CPU
	EndGlobalSection
	GlobalSection(ProjectConfigurationPlatforms) = postSolution
		{55508AA7-B40A-4FCC-BE8D-DEE0F45C5FCD}.Debug|Any CPU.ActiveCfg = Debug|Any CPU
		{55508AA7-B40A-4FCC-BE8D-DEE0F45C5FCD}.Debug|Any CPU.Build.0 = Debug|Any CPU
		{55508AA7-B40A-4FCC-BE8D-DEE0F45C5FCD}.Release|Any CPU.ActiveCfg = Release|Any CPU
		{55508AA7-B40A-4FCC-BE8D-DEE0F45C5FCD}.Release|Any CPU.Build.0 = Release|Any CPU
	EndGlobalSection
	GlobalSection(SolutionProperties) = preSolution
		HideSolutionNode = FALSE
	EndGlobalSection
	GlobalSection(ExtensibilityGlobals) = postSolution
		SolutionGuid = {A1DC991E-9388-43C1-B611-541FADB6D7B5}
	EndGlobalSection
EndGlobal
